<Solution>
  <Folder Name="/benchmarks/">
    <Project Path="benchmarks/SeaRoute.Benchmarks/SeaRoute.Benchmarks.csproj" />
  </Folder>
  <Folder Name="/src/">
    <Project Path="src/SeaRoute/SeaRoute.csproj" />
  </Folder>
  <Folder Name="/tests/">
    <Project Path="tests/SeaRoute.Tests/SeaRoute.Tests.csproj" />
  </Folder>
</Solution>
